{
  "name": "typosquatting-detector-trainer",
  "lockfileVersion": 3,
  "requires": true,
  "packages": {
    "": {
      "dependencies": {
        "typosquatting-detector": "file:../typosquatting-detector"
      }
    },
    "node_modules/libsvm-js": {
      "version": "0.2.1",
      "resolved": "https://registry.npmjs.org/libsvm-js/-/libsvm-js-0.2.1.tgz",
      "integrity": "sha512-tN9gh91NCAwSIhjgG3y8pdKETTwnwFvvSFNIrQQuJGVtAu0SO6Y43D7OEKMSVhQLQkgLADlDaqo9uxNGVEzJEA=="
    },
    "node_modules/punycode": {
      "version": "2.3.0",
      "resolved": "https://registry.npmjs.org/punycode/-/punycode-2.3.0.tgz",
      "integrity": "sha512-rRV+zQD8tVFys26lAGR9WUuS4iUAngJScM+ZRSKtvl5tKeZ2t5bvdNFdNHBW9FWR4guGHlgmsZ1G7BSm2wTbuA==",
      "engines": {
        "node": ">=6"
      }
    },
    "node_modules/typosquatting-detector": {
      "version": "0.0.5",
      "resolved": "file:../typosquatting-detector",
      "license": "MIT",
      "dependencies": {
        "libsvm-js": "^0.2.1",
        "punycode": "^2.3.0"
      }
    }
  }
}
